// !$*UTF8*$!
{
	archiveVersion = 1;
	classes = {
	};
	objectVersion = 48;
	objects = {

/* Begin PBXBuildFile section */
		F1411D4D204AB0ED00DF0EFA /* AppDelegate.swift in Sources */ = {isa = PBXBuildFile; fileRef = F1411D4C204AB0ED00DF0EFA /* AppDelegate.swift */; };
		F1411D4F204AB0ED00DF0EFA /* ViewController.swift in Sources */ = {isa = PBXBuildFile; fileRef = F1411D4E204AB0ED00DF0EFA /* ViewController.swift */; };
		F1411D52204AB0ED00DF0EFA /* Main.storyboard in Resources */ = {isa = PBXBuildFile; fileRef = F1411D50204AB0ED00DF0EFA /* Main.storyboard */; };
		F1411D54204AB0ED00DF0EFA /* Assets.xcassets in Resources */ = {isa = PBXBuildFile; fileRef = F1411D53204AB0ED00DF0EFA /* Assets.xcassets */; };
		F1411D57204AB0ED00DF0EFA /* LaunchScreen.storyboard in Resources */ = {isa = PBXBuildFile; fileRef = F1411D55204AB0ED00DF0EFA /* LaunchScreen.storyboard */; };
		F1411D62204AB0ED00DF0EFA /* CalculatorTests.swift in Sources */ = {isa = PBXBuildFile; fileRef = F1411D61204AB0ED00DF0EFA /* CalculatorTests.swift */; };
		F1411D6D204AB0ED00DF0EFA /* CalculatorUITests.swift in Sources */ = {isa = PBXBuildFile; fileRef = F1411D6C204AB0ED00DF0EFA /* CalculatorUITests.swift */; };
/* End PBXBuildFile section */

/* Begin PBXContainerItemProxy section */
		F1411D5E204AB0ED00DF0EFA /* PBXContainerItemProxy */ = {
			isa = PBXContainerItemProxy;
			containerPortal = F1411D41204AB0ED00DF0EFA /* Project object */;
			proxyType = 1;
			remoteGlobalIDString = F1411D48204AB0ED00DF0EFA;
			remoteInfo = Calculator;
		};
		F1411D69204AB0ED00DF0EFA /* PBXContainerItemProxy */ = {
			isa = PBXContainerItemProxy;
			containerPortal = F1411D41204AB0ED00DF0EFA /* Project object */;
			proxyType = 1;
			remoteGlobalIDString = F1411D48204AB0ED00DF0EFA;
			remoteInfo = Calculator;
		};
/* End PBXContainerItemProxy section */

/* Begin PBXFileReference section */
		F1411D49204AB0ED00DF0EFA /* Calculator.app */ = {isa = PBXFileReference; explicitFileType = wrapper.application; includeInIndex = 0; path = Calculator.app; sourceTree = BUILT_PRODUCTS_DIR; };
		F1411D4C204AB0ED00DF0EFA /* AppDelegate.swift */ = {isa = PBXFileReference; lastKnownFileType = sourcecode.swift; path = AppDelegate.swift; sourceTree = "<group>"; };
		F1411D4E204AB0ED00DF0EFA /* ViewController.swift */ = {isa = PBXFileReference; lastKnownFileType = sourcecode.swift; path = ViewController.swift; sourceTree = "<group>"; };
		F1411D51204AB0ED00DF0EFA /* Base */ = {isa = PBXFileReference; lastKnownFileType = file.storyboard; name = Base; path = Base.lproj/Main.storyboard; sourceTree = "<group>"; };
		F1411D53204AB0ED00DF0EFA /* Assets.xcassets */ = {isa = PBXFileReference; lastKnownFileType = folder.assetcatalog; path = Assets.xcassets; sourceTree = "<group>"; };
		F1411D56204AB0ED00DF0EFA /* Base */ = {isa = PBXFileReference; lastKnownFileType = file.storyboard; name = Base; path = Base.lproj/LaunchScreen.storyboard; sourceTree = "<group>"; };
		F1411D58204AB0ED00DF0EFA /* Info.plist */ = {isa = PBXFileReference; lastKnownFileType = text.plist.xml; path = Info.plist; sourceTree = "<group>"; };
		F1411D5D204AB0ED00DF0EFA /* CalculatorTests.xctest */ = {isa = PBXFileReference; explicitFileType = wrapper.cfbundle; includeInIndex = 0; path = CalculatorTests.xctest; sourceTree = BUILT_PRODUCTS_DIR; };
		F1411D61204AB0ED00DF0EFA /* CalculatorTests.swift */ = {isa = PBXFileReference; lastKnownFileType = sourcecode.swift; path = CalculatorTests.swift; sourceTree = "<group>"; };
		F1411D63204AB0ED00DF0EFA /* Info.plist */ = {isa = PBXFileReference; lastKnownFileType = text.plist.xml; path = Info.plist; sourceTree = "<group>"; };
		F1411D68204AB0ED00DF0EFA /* CalculatorUITests.xctest */ = {isa = PBXFileReference; explicitFileType = wrapper.cfbundle; includeInIndex = 0; path = CalculatorUITests.xctest; sourceTree = BUILT_PRODUCTS_DIR; };
		F1411D6C204AB0ED00DF0EFA /* CalculatorUITests.swift */ = {isa = PBXFileReference; lastKnownFileType = sourcecode.swift; path = CalculatorUITests.swift; sourceTree = "<group>"; };
		F1411D6E204AB0ED00DF0EFA /* Info.plist */ = {isa = PBXFileReference; lastKnownFileType = text.plist.xml; path = Info.plist; sourceTree = "<group>"; };
/* End PBXFileReference section */

/* Begin PBXFrameworksBuildPhase section */
		F1411D46204AB0ED00DF0EFA /* Frameworks */ = {
			isa = PBXFrameworksBuildPhase;
			buildActionMask = 2147483647;
			files = (
			);
			runOnlyForDeploymentPostprocessing = 0;
		};
		F1411D5A204AB0ED00DF0EFA /* Frameworks */ = {
			isa = PBXFrameworksBuildPhase;
			buildActionMask = 2147483647;
			files = (
			);
			runOnlyForDeploymentPostprocessing = 0;
		};
		F1411D65204AB0ED00DF0EFA /* Frameworks */ = {
			isa = PBXFrameworksBuildPhase;
			buildActionMask = 2147483647;
			files = (
			);
			runOnlyForDeploymentPostprocessing = 0;
		};
/* End PBXFrameworksBuildPhase section */

/* Begin PBXGroup section */
		F1411D40204AB0ED00DF0EFA = {
			isa = PBXGroup;
			children = (
				F1411D4B204AB0ED00DF0EFA /* Calculator */,
				F1411D60204AB0ED00DF0EFA /* CalculatorTests */,
				F1411D6B204AB0ED00DF0EFA /* CalculatorUITests */,
				F1411D4A204AB0ED00DF0EFA /* Products */,
			);
			sourceTree = "<group>";
		};
		F1411D4A204AB0ED00DF0EFA /* Products */ = {
			isa = PBXGroup;
			children = (
				F1411D49204AB0ED00DF0EFA /* Calculator.app */,
				F1411D5D204AB0ED00DF0EFA /* CalculatorTests.xctest */,
				F1411D68204AB0ED00DF0EFA /* CalculatorUITests.xctest */,
			);
			name = Products;
			sourceTree = "<group>";
		};
		F1411D4B204AB0ED00DF0EFA /* Calculator */ = {
			isa = PBXGroup;
			children = (
				F1411D4C204AB0ED00DF0EFA /* AppDelegate.swift */,
				F1411D4E204AB0ED00DF0EFA /* ViewController.swift */,
				F1411D50204AB0ED00DF0EFA /* Main.storyboard */,
				F1411D53204AB0ED00DF0EFA /* Assets.xcassets */,
				F1411D55204AB0ED00DF0EFA /* LaunchScreen.storyboard */,
				F1411D58204AB0ED00DF0EFA /* Info.plist */,
			);
			path = Calculator;
			sourceTree = "<group>";
		};
		F1411D60204AB0ED00DF0EFA /* CalculatorTests */ = {
			isa = PBXGroup;
			children = (
				F1411D61204AB0ED00DF0EFA /* CalculatorTests.swift */,
				F1411D63204AB0ED00DF0EFA /* Info.plist */,
			);
			path = CalculatorTests;
			sourceTree = "<group>";
		};
		F1411D6B204AB0ED00DF0EFA /* CalculatorUITests */ = {
			isa = PBXGroup;
			children = (
				F1411D6C204AB0ED00DF0EFA /* CalculatorUITests.swift */,
				F1411D6E204AB0ED00DF0EFA /* Info.plist */,
			);
			path = CalculatorUITests;
			sourceTree = "<group>";
		};
/* End PBXGroup section */

/* Begin PBXNativeTarget section */
		F1411D48204AB0ED00DF0EFA /* Calculator */ = {
			isa = PBXNativeTarget;
			buildConfigurationList = F1411D71204AB0ED00DF0EFA /* Build configuration list for PBXNativeTarget "Calculator" */;
			buildPhases = (
				F1411D45204AB0ED00DF0EFA /* Sources */,
				F1411D46204AB0ED00DF0EFA /* Frameworks */,
				F1411D47204AB0ED00DF0EFA /* Resources */,
			);
			buildRules = (
			);
			dependencies = (
			);
			name = Calculator;
			productName = Calculator;
			productReference = F1411D49204AB0ED00DF0EFA /* Calculator.app */;
			productType = "com.apple.product-type.application";
		};
		F1411D5C204AB0ED00DF0EFA /* CalculatorTests */ = {
			isa = PBXNativeTarget;
			buildConfigurationList = F1411D74204AB0ED00DF0EFA /* Build configuration list for PBXNativeTarget "CalculatorTests" */;
			buildPhases = (
				F1411D59204AB0ED00DF0EFA /* Sources */,
				F1411D5A204AB0ED00DF0EFA /* Frameworks */,
				F1411D5B204AB0ED00DF0EFA /* Resources */,
			);
			buildRules = (
			);
			dependencies = (
				F1411D5F204AB0ED00DF0EFA /* PBXTargetDependency */,
			);
			name = CalculatorTests;
			productName = CalculatorTests;
			productReference = F1411D5D204AB0ED00DF0EFA /* CalculatorTests.xctest */;
			productType = "com.apple.product-type.bundle.unit-test";
		};
		F1411D67204AB0ED00DF0EFA /* CalculatorUITests */ = {
			isa = PBXNativeTarget;
			buildConfigurationList = F1411D77204AB0ED00DF0EFA /* Build configuration list for PBXNativeTarget "CalculatorUITests" */;
			buildPhases = (
				F1411D64204AB0ED00DF0EFA /* Sources */,
				F1411D65204AB0ED00DF0EFA /* Frameworks */,
				F1411D66204AB0ED00DF0EFA /* Resources */,
			);
			buildRules = (
			);
			dependencies = (
				F1411D6A204AB0ED00DF0EFA /* PBXTargetDependency */,
			);
			name = CalculatorUITests;
			productName = CalculatorUITests;
			productReference = F1411D68204AB0ED00DF0EFA /* CalculatorUITests.xctest */;
			productType = "com.apple.product-type.bundle.ui-testing";
		};
/* End PBXNativeTarget section */

/* Begin PBXProject section */
		F1411D41204AB0ED00DF0EFA /* Project object */ = {
			isa = PBXProject;
			attributes = {
				LastSwiftUpdateCheck = 0920;
				LastUpgradeCheck = 0920;
				ORGANIZATIONNAME = "伊芸拓真";
				TargetAttributes = {
					F1411D48204AB0ED00DF0EFA = {
						CreatedOnToolsVersion = 9.2;
						ProvisioningStyle = Automatic;
					};
					F1411D5C204AB0ED00DF0EFA = {
						CreatedOnToolsVersion = 9.2;
						ProvisioningStyle = Automatic;
						TestTargetID = F1411D48204AB0ED00DF0EFA;
					};
					F1411D67204AB0ED00DF0EFA = {
						CreatedOnToolsVersion = 9.2;
						ProvisioningStyle = Automatic;
						TestTargetID = F1411D48204AB0ED00DF0EFA;
					};
				};
			};
			buildConfigurationList = F1411D44204AB0ED00DF0EFA /* Build configuration list for PBXProject "Calculator" */;
			compatibilityVersion = "Xcode 8.0";
			developmentRegion = en;
			hasScannedForEncodings = 0;
			knownRegions = (
				en,
				Base,
			);
			mainGroup = F1411D40204AB0ED00DF0EFA;
			productRefGroup = F1411D4A204AB0ED00DF0EFA /* Products */;
			projectDirPath = "";
			projectRoot = "";
			targets = (
				F1411D48204AB0ED00DF0EFA /* Calculator */,
				F1411D5C204AB0ED00DF0EFA /* CalculatorTests */,
				F1411D67204AB0ED00DF0EFA /* CalculatorUITests */,
			);
		};
/* End PBXProject section */

/* Begin PBXResourcesBuildPhase section */
		F1411D47204AB0ED00DF0EFA /* Resources */ = {
			isa = PBXResourcesBuildPhase;
			buildActionMask = 2147483647;
			files = (
				F1411D57204AB0ED00DF0EFA /* LaunchScreen.storyboard in Resources */,
				F1411D54204AB0ED00DF0EFA /* Assets.xcassets in Resources */,
				F1411D52204AB0ED00DF0EFA /* Main.storyboard in Resources */,
			);
			runOnlyForDeploymentPostprocessing = 0;
		};
		F1411D5B204AB0ED00DF0EFA /* Resources */ = {
			isa = PBXResourcesBuildPhase;
			buildActionMask = 2147483647;
			files = (
			);
			runOnlyForDeploymentPostprocessing = 0;
		};
		F1411D66204AB0ED00DF0EFA /* Resources */ = {
			isa = PBXResourcesBuildPhase;
			buildActionMask = 2147483647;
			files = (
			);
			runOnlyForDeploymentPostprocessing = 0;
		};
/* End PBXResourcesBuildPhase section */

/* Begin PBXSourcesBuildPhase section */
		F1411D45204AB0ED00DF0EFA /* Sources */ = {
			isa = PBXSourcesBuildPhase;
			buildActionMask = 2147483647;
			files = (
				F1411D4F204AB0ED00DF0EFA /* ViewController.swift in Sources */,
				F1411D4D204AB0ED00DF0EFA /* AppDelegate.swift in Sources */,
			);
			runOnlyForDeploymentPostprocessing = 0;
		};
		F1411D59204AB0ED00DF0EFA /* Sources */ = {
			isa = PBXSourcesBuildPhase;
			buildActionMask = 2147483647;
			files = (
				F1411D62204AB0ED00DF0EFA /* CalculatorTests.swift in Sources */,
			);
			runOnlyForDeploymentPostprocessing = 0;
		};
		F1411D64204AB0ED00DF0EFA /* Sources */ = {
			isa = PBXSourcesBuildPhase;
			buildActionMask = 2147483647;
			files = (
				F1411D6D204AB0ED00DF0EFA /* CalculatorUITests.swift in Sources */,
			);
			runOnlyForDeploymentPostprocessing = 0;
		};
/* End PBXSourcesBuildPhase section */

/* Begin PBXTargetDependency section */
		F1411D5F204AB0ED00DF0EFA /* PBXTargetDependency */ = {
			isa = PBXTargetDependency;
			target = F1411D48204AB0ED00DF0EFA /* Calculator */;
			targetProxy = F1411D5E204AB0ED00DF0EFA /* PBXContainerItemProxy */;
		};
		F1411D6A204AB0ED00DF0EFA /* PBXTargetDependency */ = {
			isa = PBXTargetDependency;
			target = F1411D48204AB0ED00DF0EFA /* Calculator */;
			targetProxy = F1411D69204AB0ED00DF0EFA /* PBXContainerItemProxy */;
		};
/* End PBXTargetDependency section */

/* Begin PBXVariantGroup section */
		F1411D50204AB0ED00DF0EFA /* Main.storyboard */ = {
			isa = PBXVariantGroup;
			children = (
				F1411D51204AB0ED00DF0EFA /* Base */,
			);
			name = Main.storyboard;
			sourceTree = "<group>";
		};
		F1411D55204AB0ED00DF0EFA /* LaunchScreen.storyboard */ = {
			isa = PBXVariantGroup;
			children = (
				F1411D56204AB0ED00DF0EFA /* Base */,
			);
			name = LaunchScreen.storyboard;
			sourceTree = "<group>";
		};
/* End PBXVariantGroup section */

/* Begin XCBuildConfiguration section */
		F1411D6F204AB0ED00DF0EFA /* Debug */ = {
			isa = XCBuildConfiguration;
			buildSettings = {
				ALWAYS_SEARCH_USER_PATHS = NO;
				CLANG_ANALYZER_NONNULL = YES;
				CLANG_ANALYZER_NUMBER_OBJECT_CONVERSION = YES_AGGRESSIVE;
				CLANG_CXX_LANGUAGE_STANDARD = "gnu++14";
				CLANG_CXX_LIBRARY = "libc++";
				CLANG_ENABLE_MODULES = YES;
				CLANG_ENABLE_OBJC_ARC = YES;
				CLANG_WARN_BLOCK_CAPTURE_AUTORELEASING = YES;
				CLANG_WARN_BOOL_CONVERSION = YES;
				CLANG_WARN_COMMA = YES;
				CLANG_WARN_CONSTANT_CONVERSION = YES;
				CLANG_WARN_DIRECT_OBJC_ISA_USAGE = YES_ERROR;
				CLANG_WARN_DOCUMENTATION_COMMENTS = YES;
				CLANG_WARN_EMPTY_BODY = YES;
				CLANG_WARN_ENUM_CONVERSION = YES;
				CLANG_WARN_INFINITE_RECURSION = YES;
				CLANG_WARN_INT_CONVERSION = YES;
				CLANG_WARN_NON_LITERAL_NULL_CONVERSION = YES;
				CLANG_WARN_OBJC_LITERAL_CONVERSION = YES;
				CLANG_WARN_OBJC_ROOT_CLASS = YES_ERROR;
				CLANG_WARN_RANGE_LOOP_ANALYSIS = YES;
				CLANG_WARN_STRICT_PROTOTYPES = YES;
				CLANG_WARN_SUSPICIOUS_MOVE = YES;
				CLANG_WARN_UNGUARDED_AVAILABILITY = YES_AGGRESSIVE;
				CLANG_WARN_UNREACHABLE_CODE = YES;
				CLANG_WARN__DUPLICATE_METHOD_MATCH = YES;
				CODE_SIGN_IDENTITY = "iPhone Developer";
				COPY_PHASE_STRIP = NO;
				DEBUG_INFORMATION_FORMAT = dwarf;
				ENABLE_STRICT_OBJC_MSGSEND = YES;
				ENABLE_TESTABILITY = YES;
				GCC_C_LANGUAGE_STANDARD = gnu11;
				GCC_DYNAMIC_NO_PIC = NO;
				GCC_NO_COMMON_BLOCKS = YES;
				GCC_OPTIMIZATION_LEVEL = 0;
				GCC_PREPROCESSOR_DEFINITIONS = (
					"DEBUG=1",
					"$(inherited)",
				);
				GCC_WARN_64_TO_32_BIT_CONVERSION = YES;
				GCC_WARN_ABOUT_RETURN_TYPE = YES_ERROR;
				GCC_WARN_UNDECLARED_SELECTOR = YES;
				GCC_WARN_UNINITIALIZED_AUTOS = YES_AGGRESSIVE;
				GCC_WARN_UNUSED_FUNCTION = YES;
				GCC_WARN_UNUSED_VARIABLE = YES;
				IPHONEOS_DEPLOYMENT_TARGET = 11.2;
				MTL_ENABLE_DEBUG_INFO = YES;
				ONLY_ACTIVE_ARCH = YES;
				SDKROOT = iphoneos;
				SWIFT_ACTIVE_COMPILATION_CONDITIONS = DEBUG;
				SWIFT_OPTIMIZATION_LEVEL = "-Onone";
			};
			name = Debug;
		};
		F1411D70204AB0ED00DF0EFA /* Release */ = {
			isa = XCBuildConfiguration;
			buildSettings = {
				ALWAYS_SEARCH_USER_PATHS = NO;
				CLANG_ANALYZER_NONNULL = YES;
				CLANG_ANALYZER_NUMBER_OBJECT_CONVERSION = YES_AGGRESSIVE;
				CLANG_CXX_LANGUAGE_STANDARD = "gnu++14";
				CLANG_CXX_LIBRARY = "libc++";
				CLANG_ENABLE_MODULES = YES;
				CLANG_ENABLE_OBJC_ARC = YES;
				CLANG_WARN_BLOCK_CAPTURE_AUTORELEASING = YES;
				CLANG_WARN_BOOL_CONVERSION = YES;
				CLANG_WARN_COMMA = YES;
				CLANG_WARN_CONSTANT_CONVERSION = YES;
				CLANG_WARN_DIRECT_OBJC_ISA_USAGE = YES_ERROR;
				CLANG_WARN_DOCUMENTATION_COMMENTS = YES;
				CLANG_WARN_EMPTY_BODY = YES;
				CLANG_WARN_ENUM_CONVERSION = YES;
				CLANG_WARN_INFINITE_RECURSION = YES;
				CLANG_WARN_INT_CONVERSION = YES;
				CLANG_WARN_NON_LITERAL_NULL_CONVERSION = YES;
				CLANG_WARN_OBJC_LITERAL_CONVERSION = YES;
				CLANG_WARN_OBJC_ROOT_CLASS = YES_ERROR;
				CLANG_WARN_RANGE_LOOP_ANALYSIS = YES;
				CLANG_WARN_STRICT_PROTOTYPES = YES;
				CLANG_WARN_SUSPICIOUS_MOVE = YES;
				CLANG_WARN_UNGUARDED_AVAILABILITY = YES_AGGRESSIVE;
				CLANG_WARN_UNREACHABLE_CODE = YES;
				CLANG_WARN__DUPLICATE_METHOD_MATCH = YES;
				CODE_SIGN_IDENTITY = "iPhone Developer";
				COPY_PHASE_STRIP = NO;
				DEBUG_INFORMATION_FORMAT = "dwarf-with-dsym";
				ENABLE_NS_ASSERTIONS = NO;
				ENABLE_STRICT_OBJC_MSGSEND = YES;
				GCC_C_LANGUAGE_STANDARD = gnu11;
				GCC_NO_COMMON_BLOCKS = YES;
				GCC_WARN_64_TO_32_BIT_CONVERSION = YES;
				GCC_WARN_ABOUT_RETURN_TYPE = YES_ERROR;
				GCC_WARN_UNDECLARED_SELECTOR = YES;
				GCC_WARN_UNINITIALIZED_AUTOS = YES_AGGRESSIVE;
				GCC_WARN_UNUSED_FUNCTION = YES;
				GCC_WARN_UNUSED_VARIABLE = YES;
				IPHONEOS_DEPLOYMENT_TARGET = 11.2;
				MTL_ENABLE_DEBUG_INFO = NO;
				SDKROOT = iphoneos;
				SWIFT_OPTIMIZATION_LEVEL = "-Owholemodule";
				VALIDATE_PRODUCT = YES;
			};
			name = Release;
		};
		F1411D72204AB0ED00DF0EFA /* Debug */ = {
			isa = XCBuildConfiguration;
			buildSettings = {
				ASSETCATALOG_COMPILER_APPICON_NAME = AppIcon;
				CODE_SIGN_STYLE = Automatic;
				INFOPLIST_FILE = Calculator/Info.plist;
				LD_RUNPATH_SEARCH_PATHS = "$(inherited) @executable_path/Frameworks";
				PRODUCT_BUNDLE_IDENTIFIER = com.example.Calculator;
				PRODUCT_NAME = "$(TARGET_NAME)";
				SWIFT_VERSION = 4.0;
				TARGETED_DEVICE_FAMILY = "1,2";
			};
			name = Debug;
		};
		F1411D73204AB0ED00DF0EFA /* Release */ = {
			isa = XCBuildConfiguration;
			buildSettings = {
				ASSETCATALOG_COMPILER_APPICON_NAME = AppIcon;
				CODE_SIGN_STYLE = Automatic;
				INFOPLIST_FILE = Calculator/Info.plist;
				LD_RUNPATH_SEARCH_PATHS = "$(inherited) @executable_path/Frameworks";
				PRODUCT_BUNDLE_IDENTIFIER = com.example.Calculator;
				PRODUCT_NAME = "$(TARGET_NAME)";
				SWIFT_VERSION = 4.0;
				TARGETED_DEVICE_FAMILY = "1,2";
			};
			name = Release;
		};
		F1411D75204AB0ED00DF0EFA /* Debug */ = {
			isa = XCBuildConfiguration;
			buildSettings = {
				ALWAYS_EMBED_SWIFT_STANDARD_LIBRARIES = YES;
				BUNDLE_LOADER = "$(TEST_HOST)";
				CODE_SIGN_STYLE = Automatic;
				INFOPLIST_FILE = CalculatorTests/Info.plist;
				LD_RUNPATH_SEARCH_PATHS = "$(inherited) @executable_path/Frameworks @loader_path/Frameworks";
				PRODUCT_BUNDLE_IDENTIFIER = com.example.CalculatorTests;
				PRODUCT_NAME = "$(TARGET_NAME)";
				SWIFT_VERSION = 4.0;
				TARGETED_DEVICE_FAMILY = "1,2";
				TEST_HOST = "$(BUILT_PRODUCTS_DIR)/Calculator.app/Calculator";
			};
			name = Debug;
		};
		F1411D76204AB0ED00DF0EFA /* Release */ = {
			isa = XCBuildConfiguration;
			buildSettings = {
				ALWAYS_EMBED_SWIFT_STANDARD_LIBRARIES = YES;
				BUNDLE_LOADER = "$(TEST_HOST)";
				CODE_SIGN_STYLE = Automatic;
				INFOPLIST_FILE = CalculatorTests/Info.plist;
				LD_RUNPATH_SEARCH_PATHS = "$(inherited) @executable_path/Frameworks @loader_path/Frameworks";
				PRODUCT_BUNDLE_IDENTIFIER = com.example.CalculatorTests;
				PRODUCT_NAME = "$(TARGET_NAME)";
				SWIFT_VERSION = 4.0;
				TARGETED_DEVICE_FAMILY = "1,2";
				TEST_HOST = "$(BUILT_PRODUCTS_DIR)/Calculator.app/Calculator";
			};
			name = Release;
		};
		F1411D78204AB0ED00DF0EFA /* Debug */ = {
			isa = XCBuildConfiguration;
			buildSettings = {
				ALWAYS_EMBED_SWIFT_STANDARD_LIBRARIES = YES;
				CODE_SIGN_STYLE = Automatic;
				INFOPLIST_FILE = CalculatorUITests/Info.plist;
				LD_RUNPATH_SEARCH_PATHS = "$(inherited) @executable_path/Frameworks @loader_path/Frameworks";
				PRODUCT_BUNDLE_IDENTIFIER = com.example.CalculatorUITests;
				PRODUCT_NAME = "$(TARGET_NAME)";
				SWIFT_VERSION = 4.0;
				TARGETED_DEVICE_FAMILY = "1,2";
				TEST_TARGET_NAME = Calculator;
			};
			name = Debug;
		};
		F1411D79204AB0ED00DF0EFA /* Release */ = {
			isa = XCBuildConfiguration;
			buildSettings = {
				ALWAYS_EMBED_SWIFT_STANDARD_LIBRARIES = YES;
				CODE_SIGN_STYLE = Automatic;
				INFOPLIST_FILE = CalculatorUITests/Info.plist;
				LD_RUNPATH_SEARCH_PATHS = "$(inherited) @executable_path/Frameworks @loader_path/Frameworks";
				PRODUCT_BUNDLE_IDENTIFIER = com.example.CalculatorUITests;
				PRODUCT_NAME = "$(TARGET_NAME)";
				SWIFT_VERSION = 4.0;
				TARGETED_DEVICE_FAMILY = "1,2";
				TEST_TARGET_NAME = Calculator;
			};
			name = Release;
		};
/* End XCBuildConfiguration section */

/* Begin XCConfigurationList section */
		F1411D44204AB0ED00DF0EFA /* Build configuration list for PBXProject "Calculator" */ = {
			isa = XCConfigurationList;
			buildConfigurations = (
				F1411D6F204AB0ED00DF0EFA /* Debug */,
				F1411D70204AB0ED00DF0EFA /* Release */,
			);
			defaultConfigurationIsVisible = 0;
			defaultConfigurationName = Release;
		};
		F1411D71204AB0ED00DF0EFA /* Build configuration list for PBXNativeTarget "Calculator" */ = {
			isa = XCConfigurationList;
			buildConfigurations = (
				F1411D72204AB0ED00DF0EFA /* Debug */,
				F1411D73204AB0ED00DF0EFA /* Release */,
			);
			defaultConfigurationIsVisible = 0;
			defaultConfigurationName = Release;
		};
		F1411D74204AB0ED00DF0EFA /* Build configuration list for PBXNativeTarget "CalculatorTests" */ = {
			isa = XCConfigurationList;
			buildConfigurations = (
				F1411D75204AB0ED00DF0EFA /* Debug */,
				F1411D76204AB0ED00DF0EFA /* Release */,
			);
			defaultConfigurationIsVisible = 0;
			defaultConfigurationName = Release;
		};
		F1411D77204AB0ED00DF0EFA /* Build configuration list for PBXNativeTarget "CalculatorUITests" */ = {
			isa = XCConfigurationList;
			buildConfigurations = (
				F1411D78204AB0ED00DF0EFA /* Debug */,
				F1411D79204AB0ED00DF0EFA /* Release */,
			);
			defaultConfigurationIsVisible = 0;
			defaultConfigurationName = Release;
		};
/* End XCConfigurationList section */
	};
	rootObject = F1411D41204AB0ED00DF0EFA /* Project object */;
}
